{
  "name": "totexe",
  "version": "0.0.1",
  "lockfileVersion": 3,
  "requires": true,
  "packages": {
    "": {
      "name": "totexe",
      "version": "0.0.1",
      "license": "MIT",
      "dependencies": {
        "totjs": "^0.0.5"
      }
    },
    "node_modules/totjs": {
      "version": "0.0.5",
      "resolved": "https://registry.npmjs.org/totjs/-/totjs-0.0.5.tgz",
      "integrity": "sha512-GWLiP+0wSdtN808iCLBDj2PTIhEsaw+2WjAAGX6pX437BplvHx6bRN7W37sI7GW9ixxF03StIvy/J1tjkQVaFg==",
      "bin": {
        "totjs": "dist/index.js"
      }
    }
  }
}
